# THIS IS AN AUTOGENERATED FILE. DO NOT EDIT THIS FILE DIRECTLY.
# yarn lockfile v1


"@tensorflow-models/posenet@^2.2.2":
  version "2.2.2"
  resolved "https://registry.yarnpkg.com/@tensorflow-models/posenet/-/posenet-2.2.2.tgz#2abcfa33b43892135d232c9c4408a38cc8f74ba6"
  integrity sha512-0SXIksRet/IdX7WVH+JSD6W3upkGHix1hwtd3xykIoIMGR7zQ4SC5+wZcNt9ofASyxNYQoI+tUULUo4LNw0c3w==

"@tensorflow/tfjs-backend-cpu@3.6.0":
  version "3.6.0"
  resolved "https://registry.yarnpkg.com/@tensorflow/tfjs-backend-cpu/-/tfjs-backend-cpu-3.6.0.tgz#4e64a7cf1c33b203f71f8f77cd7b0ac1ef25a871"
  integrity sha512-ZpAs17hPdKXadbtNjAsymYUILe8V7+pY4fYo8j25nfDTW/HfBpyAwsHPbMcA/n5zyJ7ZJtGKFcCUv1sl24KL1Q==
  dependencies:
    "@types/seedrandom" "2.4.27"
    seedrandom "2.4.3"

"@tensorflow/tfjs-backend-webgl@^3.6.0":
  version "3.6.0"
  resolved "https://registry.yarnpkg.com/@tensorflow/tfjs-backend-webgl/-/tfjs-backend-webgl-3.6.0.tgz#1ea1a73abea8d6324fd81aedf7f187ab6eb73692"
  integrity sha512-zp7l4TmD1khgeSux/Ujaaj8M/v+e8JVIKjOci6HCGaeMNrn74lTSH9oqGPWKUCmpZME17/V0LfRHK34ddmrPSA==
  dependencies:
    "@tensorflow/tfjs-backend-cpu" "3.6.0"
    "@types/offscreencanvas" "~2019.3.0"
    "@types/seedrandom" "2.4.27"
    "@types/webgl-ext" "0.0.30"
    "@types/webgl2" "0.0.5"
    seedrandom "2.4.3"

"@tensorflow/tfjs-converter@^3.6.0":
  version "3.6.0"
  resolved "https://registry.yarnpkg.com/@tensorflow/tfjs-converter/-/tfjs-converter-3.6.0.tgz#32b3ff31b47e29630a82e30fbe01708facad7fd6"
  integrity sha512-9MtatbTSvo3gpEulYI6+byTA3OeXSMT2lzyGAegXO9nMxsvjR01zBvlZ5SmsNyecNh6fMSzdL2+cCdQfQtsIBg==

"@tensorflow/tfjs-core@^3.6.0":
  version "3.6.0"
  resolved "https://registry.yarnpkg.com/@tensorflow/tfjs-core/-/tfjs-core-3.6.0.tgz#6b4d8175790bdff78868eabe6adc6442eb4dc276"
  integrity sha512-bb2c3zwK4SgXZRvkTiC7EhCpWbCGp0GMd+1/3Vo2/Z54jiLB/h3sXIgHQrTNiWwhKPtst/xxA+MsslFlvD0A5w==
  dependencies:
    "@types/offscreencanvas" "~2019.3.0"
    "@types/seedrandom" "2.4.27"
    "@types/webgl-ext" "0.0.30"
    node-fetch "~2.6.1"
    seedrandom "2.4.3"

"@types/offscreencanvas@~2019.3.0":
  version "2019.3.0"
  resolved "https://registry.yarnpkg.com/@types/offscreencanvas/-/offscreencanvas-2019.3.0.tgz#3336428ec7e9180cf4566dfea5da04eb586a6553"
  integrity sha512-esIJx9bQg+QYF0ra8GnvfianIY8qWB0GBx54PK5Eps6m+xTj86KLavHv6qDhzKcu5UUOgNfJ2pWaIIV7TRUd9Q==

"@types/seedrandom@2.4.27":
  version "2.4.27"
  resolved "https://registry.yarnpkg.com/@types/seedrandom/-/seedrandom-2.4.27.tgz#9db563937dd86915f69092bc43259d2f48578e41"
  integrity sha1-nbVjk33YaRX2kJK8QyWdL0hXjkE=

"@types/webgl-ext@0.0.30":
  version "0.0.30"
  resolved "https://registry.yarnpkg.com/@types/webgl-ext/-/webgl-ext-0.0.30.tgz#0ce498c16a41a23d15289e0b844d945b25f0fb9d"
  integrity sha512-LKVgNmBxN0BbljJrVUwkxwRYqzsAEPcZOe6S2T6ZaBDIrFp0qu4FNlpc5sM1tGbXUYFgdVQIoeLk1Y1UoblyEg==

"@types/webgl2@0.0.5":
  version "0.0.5"
  resolved "https://registry.yarnpkg.com/@types/webgl2/-/webgl2-0.0.5.tgz#dd925e20ab8ace80eb4b1e46fda5b109c508fb0d"
  integrity sha512-oGaKsBbxQOY5+aJFV3KECDhGaXt+yZJt2y/OZsnQGLRkH6Fvr7rv4pCt3SRH1somIHfej/c4u7NSpCyd9x+1Ow==

node-fetch@~2.6.1:
  version "2.6.1"
  resolved "https://registry.yarnpkg.com/node-fetch/-/node-fetch-2.6.1.tgz#045bd323631f76ed2e2b55573394416b639a0052"
  integrity sha512-V4aYg89jEoVRxRb2fJdAg8FHvI7cEyYdVAh94HH0UIK8oJxUfkjlDQN9RbMx+bEjP7+ggMiFRprSti032Oipxw==

seedrandom@2.4.3:
  version "2.4.3"
  resolved "https://registry.yarnpkg.com/seedrandom/-/seedrandom-2.4.3.tgz#2438504dad33917314bff18ac4d794f16d6aaecc"
  integrity sha1-JDhQTa0zkXMUv/GKxNeU8W1qrsw=
